
Microsoft Visual Studio Solution File, Format Version 12.00
# Visual Studio Version 17
VisualStudioVersion = 17.4.33403.182
MinimumVisualStudioVersion = 10.0.40219.1
Project("{8BC9CEB8-8B4A-11D0-8D11-00A0C91BC942}") = "Sandbox", "Sandbox\Sandbox.vcxproj", "{0B2CD4EB-17FA-4758-AD42-45E56C277F47}"
EndProject
Project("{8BC9CEB8-8B4A-11D0-8D11-00A0C91BC942}") = "Hazel", "Hazel\Hazel.vcxproj", "{7B76C2A7-8C07-4759-883B-B2D6A586122B}"
EndProject
Global
	GlobalSection(SolutionConfigurationPlatforms) = preSolution
		Debug|x64 = Debug|x64
		Debug|x86 = Debug|x86
		Release|x64 = Release|x64
		Release|x86 = Release|x86
	EndGlobalSection
	GlobalSection(ProjectConfigurationPlatforms) = postSolution
		{7B76C2A7-8C07-4759-883B-B2D6A586122B}.Debug|x64.ActiveCfg = Debug|x64
		{7B76C2A7-8C07-4759-883B-B2D6A586122B}.Debug|x64.Build.0 = Debug|x64
		{7B76C2A7-8C07-4759-883B-B2D6A586122B}.Debug|x86.ActiveCfg = Debug|Win32
		{7B76C2A7-8C07-4759-883B-B2D6A586122B}.Debug|x86.Build.0 = Debug|Win32
		{7B76C2A7-8C07-4759-883B-B2D6A586122B}.Release|x64.ActiveCfg = Release|x64
		{7B76C2A7-8C07-4759-883B-B2D6A586122B}.Release|x64.Build.0 = Release|x64
		{7B76C2A7-8C07-4759-883B-B2D6A586122B}.Release|x86.ActiveCfg = Release|Win32
		{7B76C2A7-8C07-4759-883B-B2D6A586122B}.Release|x86.Build.0 = Release|Win32
		{0B2CD4EB-17FA-4758-AD42-45E56C277F47}.Debug|x64.ActiveCfg = Debug|x64
		{0B2CD4EB-17FA-4758-AD42-45E56C277F47}.Debug|x64.Build.0 = Debug|x64
		{0B2CD4EB-17FA-4758-AD42-45E56C277F47}.Debug|x86.ActiveCfg = Debug|Win32
		{0B2CD4EB-17FA-4758-AD42-45E56C277F47}.Debug|x86.Build.0 = Debug|Win32
		{0B2CD4EB-17FA-4758-AD42-45E56C277F47}.Release|x64.ActiveCfg = Release|x64
		{0B2CD4EB-17FA-4758-AD42-45E56C277F47}.Release|x64.Build.0 = Release|x64
		{0B2CD4EB-17FA-4758-AD42-45E56C277F47}.Release|x86.ActiveCfg = Release|Win32
		{0B2CD4EB-17FA-4758-AD42-45E56C277F47}.Release|x86.Build.0 = Release|Win32
	EndGlobalSection
	GlobalSection(SolutionProperties) = preSolution
		HideSolutionNode = FALSE
	EndGlobalSection
	GlobalSection(ExtensibilityGlobals) = postSolution
		SolutionGuid = {89AD34D0-0984-4E1D-A76E-CB2D82BE683D}
	EndGlobalSection
EndGlobal
